{
  "name": "5.2",
  "lockfileVersion": 2,
  "requires": true,
  "packages": {
    "": {
      "dependencies": {
        "types-registry": "^0.1.664"
      },
      "devDependencies": {
        "@types/body-parser": "^1.19.3",
        "@types/express": "^4.17.19",
        "@types/merge-descriptors": "^1.0.1",
        "@types/redis-errors": "^1.2.1",
        "@types/serve-static": "^1.15.3",
        "@types/uuid": "^9.0.5",
        "@types/vscode": "^1.83.0"
      }
    },
    "node_modules/@types/body-parser": {
      "version": "1.19.3",
      "resolved": "https://registry.npmjs.org/@types/body-parser/-/body-parser-1.19.3.tgz",
      "integrity": "sha512-oyl4jvAfTGX9Bt6Or4H9ni1Z447/tQuxnZsytsCaExKlmJiU8sFgnIBRzJUpKwB5eWn9HuBYlUlVA74q/yN0eQ==",
      "dev": true,
      "dependencies": {
        "@types/connect": "*",
        "@types/node": "*"
      }
    },
    "node_modules/@types/connect": {
      "version": "3.4.36",
      "resolved": "https://registry.npmjs.org/@types/connect/-/connect-3.4.36.tgz",
      "integrity": "sha512-P63Zd/JUGq+PdrM1lv0Wv5SBYeA2+CORvbrXbngriYY0jzLUWfQMQQxOhjONEz/wlHOAxOdY7CY65rgQdTjq2w==",
      "dev": true,
      "dependencies": {
        "@types/node": "*"
      }
    },
    "node_modules/@types/express": {
      "version": "4.17.19",
      "resolved": "https://registry.npmjs.org/@types/express/-/express-4.17.19.tgz",
      "integrity": "sha512-UtOfBtzN9OvpZPPbnnYunfjM7XCI4jyk1NvnFhTVz5krYAnW4o5DCoIekvms+8ApqhB4+9wSge1kBijdfTSmfg==",
      "dev": true,
      "dependencies": {
        "@types/body-parser": "*",
        "@types/express-serve-static-core": "^4.17.33",
        "@types/qs": "*",
        "@types/serve-static": "*"
      }
    },
    "node_modules/@types/express-serve-static-core": {
      "version": "4.17.37",
      "resolved": "https://registry.npmjs.org/@types/express-serve-static-core/-/express-serve-static-core-4.17.37.tgz",
      "integrity": "sha512-ZohaCYTgGFcOP7u6aJOhY9uIZQgZ2vxC2yWoArY+FeDXlqeH66ZVBjgvg+RLVAS/DWNq4Ap9ZXu1+SUQiiWYMg==",
      "dev": true,
      "dependencies": {
        "@types/node": "*",
        "@types/qs": "*",
        "@types/range-parser": "*",
        "@types/send": "*"
      }
    },
    "node_modules/@types/http-errors": {
      "version": "2.0.2",
      "resolved": "https://registry.npmjs.org/@types/http-errors/-/http-errors-2.0.2.tgz",
      "integrity": "sha512-lPG6KlZs88gef6aD85z3HNkztpj7w2R7HmR3gygjfXCQmsLloWNARFkMuzKiiY8FGdh1XDpgBdrSf4aKDiA7Kg==",
      "dev": true
    },
    "node_modules/@types/merge-descriptors": {
      "version": "1.0.1",
      "resolved": "https://registry.npmjs.org/@types/merge-descriptors/-/merge-descriptors-1.0.1.tgz",
      "integrity": "sha512-dvY3+KXKTXn7sD9bFQsaPcw3FN9ljk82YDUDl7O2FsBVBhiN7Ya216aYUqUvlRdbL/lvW90SYAUJZ1fFnmtMUQ==",
      "dev": true
    },
    "node_modules/@types/mime": {
      "version": "1.3.3",
      "resolved": "https://registry.npmjs.org/@types/mime/-/mime-1.3.3.tgz",
      "integrity": "sha512-Ys+/St+2VF4+xuY6+kDIXGxbNRO0mesVg0bbxEfB97Od1Vjpjx9KD1qxs64Gcb3CWPirk9Xe+PT4YiiHQ9T+eg==",
      "dev": true
    },
    "node_modules/@types/node": {
      "version": "20.8.5",
      "resolved": "https://registry.npmjs.org/@types/node/-/node-20.8.5.tgz",
      "integrity": "sha512-SPlobFgbidfIeOYlzXiEjSYeIJiOCthv+9tSQVpvk4PAdIIc+2SmjNVzWXk9t0Y7dl73Zdf+OgXKHX9XtkqUpw==",
      "dev": true,
      "dependencies": {
        "undici-types": "~5.25.1"
      }
    },
    "node_modules/@types/qs": {
      "version": "6.9.8",
      "resolved": "https://registry.npmjs.org/@types/qs/-/qs-6.9.8.tgz",
      "integrity": "sha512-u95svzDlTysU5xecFNTgfFG5RUWu1A9P0VzgpcIiGZA9iraHOdSzcxMxQ55DyeRaGCSxQi7LxXDI4rzq/MYfdg==",
      "dev": true
    },
    "node_modules/@types/range-parser": {
      "version": "1.2.5",
      "resolved": "https://registry.npmjs.org/@types/range-parser/-/range-parser-1.2.5.tgz",
      "integrity": "sha512-xrO9OoVPqFuYyR/loIHjnbvvyRZREYKLjxV4+dY6v3FQR3stQ9ZxIGkaclF7YhI9hfjpuTbu14hZEy94qKLtOA==",
      "dev": true
    },
    "node_modules/@types/redis-errors": {
      "version": "1.2.1",
      "resolved": "https://registry.npmjs.org/@types/redis-errors/-/redis-errors-1.2.1.tgz",
      "integrity": "sha512-9p6SQPeDAIR4z3ZdrPsRH/sSRMeIA2fdRKqZ3Y1thQOLeDH4aLY+J4Ze32zjg4Dq7655Y0LonCoRrH5O7vtr4w==",
      "dev": true
    },
    "node_modules/@types/send": {
      "version": "0.17.2",
      "resolved": "https://registry.npmjs.org/@types/send/-/send-0.17.2.tgz",
      "integrity": "sha512-aAG6yRf6r0wQ29bkS+x97BIs64ZLxeE/ARwyS6wrldMm3C1MdKwCcnnEwMC1slI8wuxJOpiUH9MioC0A0i+GJw==",
      "dev": true,
      "dependencies": {
        "@types/mime": "^1",
        "@types/node": "*"
      }
    },
    "node_modules/@types/serve-static": {
      "version": "1.15.3",
      "resolved": "https://registry.npmjs.org/@types/serve-static/-/serve-static-1.15.3.tgz",
      "integrity": "sha512-yVRvFsEMrv7s0lGhzrggJjNOSmZCdgCjw9xWrPr/kNNLp6FaDfMC1KaYl3TSJ0c58bECwNBMoQrZJ8hA8E1eFg==",
      "dev": true,
      "dependencies": {
        "@types/http-errors": "*",
        "@types/mime": "*",
        "@types/node": "*"
      }
    },
    "node_modules/@types/uuid": {
      "version": "9.0.5",
      "resolved": "https://registry.npmjs.org/@types/uuid/-/uuid-9.0.5.tgz",
      "integrity": "sha512-xfHdwa1FMJ082prjSJpoEI57GZITiQz10r3vEJCHa2khEFQjKy91aWKz6+zybzssCvXUwE1LQWgWVwZ4nYUvHQ==",
      "dev": true
    },
    "node_modules/@types/vscode": {
      "version": "1.83.0",
      "resolved": "https://registry.npmjs.org/@types/vscode/-/vscode-1.83.0.tgz",
      "integrity": "sha512-3mUtHqLAVz9hegut9au4xehuBrzRE3UJiQMpoEHkNl6XHliihO7eATx2BMHs0odsmmrwjJrlixx/Pte6M3ygDQ==",
      "dev": true
    },
    "node_modules/types-registry": {
      "version": "0.1.664",
      "resolved": "https://registry.npmjs.org/types-registry/-/types-registry-0.1.664.tgz",
      "integrity": "sha512-YyuB/AbLi20YDI3QPU7q/3jgYcbRtisOduYSSwn9N6/M1UFTs+2DpMM5pJzfFDYD7u16pBK9O4GxwDSIKC9/rQ=="
    },
    "node_modules/undici-types": {
      "version": "5.25.3",
      "resolved": "https://registry.npmjs.org/undici-types/-/undici-types-5.25.3.tgz",
      "integrity": "sha512-Ga1jfYwRn7+cP9v8auvEXN1rX3sWqlayd4HP7OKk4mZWylEmu3KzXDUGrQUN6Ol7qo1gPvB2e5gX6udnyEPgdA==",
      "dev": true
    }
  },
  "dependencies": {
    "@types/body-parser": {
      "version": "1.19.3",
      "resolved": "https://registry.npmjs.org/@types/body-parser/-/body-parser-1.19.3.tgz",
      "integrity": "sha512-oyl4jvAfTGX9Bt6Or4H9ni1Z447/tQuxnZsytsCaExKlmJiU8sFgnIBRzJUpKwB5eWn9HuBYlUlVA74q/yN0eQ==",
      "dev": true,
      "requires": {
        "@types/connect": "*",
        "@types/node": "*"
      }
    },
    "@types/connect": {
      "version": "3.4.36",
      "resolved": "https://registry.npmjs.org/@types/connect/-/connect-3.4.36.tgz",
      "integrity": "sha512-P63Zd/JUGq+PdrM1lv0Wv5SBYeA2+CORvbrXbngriYY0jzLUWfQMQQxOhjONEz/wlHOAxOdY7CY65rgQdTjq2w==",
      "dev": true,
      "requires": {
        "@types/node": "*"
      }
    },
    "@types/express": {
      "version": "4.17.19",
      "resolved": "https://registry.npmjs.org/@types/express/-/express-4.17.19.tgz",
      "integrity": "sha512-UtOfBtzN9OvpZPPbnnYunfjM7XCI4jyk1NvnFhTVz5krYAnW4o5DCoIekvms+8ApqhB4+9wSge1kBijdfTSmfg==",
      "dev": true,
      "requires": {
        "@types/body-parser": "*",
        "@types/express-serve-static-core": "^4.17.33",
        "@types/qs": "*",
        "@types/serve-static": "*"
      }
    },
    "@types/express-serve-static-core": {
      "version": "4.17.37",
      "resolved": "https://registry.npmjs.org/@types/express-serve-static-core/-/express-serve-static-core-4.17.37.tgz",
      "integrity": "sha512-ZohaCYTgGFcOP7u6aJOhY9uIZQgZ2vxC2yWoArY+FeDXlqeH66ZVBjgvg+RLVAS/DWNq4Ap9ZXu1+SUQiiWYMg==",
      "dev": true,
      "requires": {
        "@types/node": "*",
        "@types/qs": "*",
        "@types/range-parser": "*",
        "@types/send": "*"
      }
    },
    "@types/http-errors": {
      "version": "2.0.2",
      "resolved": "https://registry.npmjs.org/@types/http-errors/-/http-errors-2.0.2.tgz",
      "integrity": "sha512-lPG6KlZs88gef6aD85z3HNkztpj7w2R7HmR3gygjfXCQmsLloWNARFkMuzKiiY8FGdh1XDpgBdrSf4aKDiA7Kg==",
      "dev": true
    },
    "@types/merge-descriptors": {
      "version": "1.0.1",
      "resolved": "https://registry.npmjs.org/@types/merge-descriptors/-/merge-descriptors-1.0.1.tgz",
      "integrity": "sha512-dvY3+KXKTXn7sD9bFQsaPcw3FN9ljk82YDUDl7O2FsBVBhiN7Ya216aYUqUvlRdbL/lvW90SYAUJZ1fFnmtMUQ==",
      "dev": true
    },
    "@types/mime": {
      "version": "1.3.3",
      "resolved": "https://registry.npmjs.org/@types/mime/-/mime-1.3.3.tgz",
      "integrity": "sha512-Ys+/St+2VF4+xuY6+kDIXGxbNRO0mesVg0bbxEfB97Od1Vjpjx9KD1qxs64Gcb3CWPirk9Xe+PT4YiiHQ9T+eg==",
      "dev": true
    },
    "@types/node": {
      "version": "20.8.5",
      "resolved": "https://registry.npmjs.org/@types/node/-/node-20.8.5.tgz",
      "integrity": "sha512-SPlobFgbidfIeOYlzXiEjSYeIJiOCthv+9tSQVpvk4PAdIIc+2SmjNVzWXk9t0Y7dl73Zdf+OgXKHX9XtkqUpw==",
      "dev": true,
      "requires": {
        "undici-types": "~5.25.1"
      }
    },
    "@types/qs": {
      "version": "6.9.8",
      "resolved": "https://registry.npmjs.org/@types/qs/-/qs-6.9.8.tgz",
      "integrity": "sha512-u95svzDlTysU5xecFNTgfFG5RUWu1A9P0VzgpcIiGZA9iraHOdSzcxMxQ55DyeRaGCSxQi7LxXDI4rzq/MYfdg==",
      "dev": true
    },
    "@types/range-parser": {
      "version": "1.2.5",
      "resolved": "https://registry.npmjs.org/@types/range-parser/-/range-parser-1.2.5.tgz",
      "integrity": "sha512-xrO9OoVPqFuYyR/loIHjnbvvyRZREYKLjxV4+dY6v3FQR3stQ9ZxIGkaclF7YhI9hfjpuTbu14hZEy94qKLtOA==",
      "dev": true
    },
    "@types/redis-errors": {
      "version": "1.2.1",
      "resolved": "https://registry.npmjs.org/@types/redis-errors/-/redis-errors-1.2.1.tgz",
      "integrity": "sha512-9p6SQPeDAIR4z3ZdrPsRH/sSRMeIA2fdRKqZ3Y1thQOLeDH4aLY+J4Ze32zjg4Dq7655Y0LonCoRrH5O7vtr4w==",
      "dev": true
    },
    "@types/send": {
      "version": "0.17.2",
      "resolved": "https://registry.npmjs.org/@types/send/-/send-0.17.2.tgz",
      "integrity": "sha512-aAG6yRf6r0wQ29bkS+x97BIs64ZLxeE/ARwyS6wrldMm3C1MdKwCcnnEwMC1slI8wuxJOpiUH9MioC0A0i+GJw==",
      "dev": true,
      "requires": {
        "@types/mime": "^1",
        "@types/node": "*"
      }
    },
    "@types/serve-static": {
      "version": "1.15.3",
      "resolved": "https://registry.npmjs.org/@types/serve-static/-/serve-static-1.15.3.tgz",
      "integrity": "sha512-yVRvFsEMrv7s0lGhzrggJjNOSmZCdgCjw9xWrPr/kNNLp6FaDfMC1KaYl3TSJ0c58bECwNBMoQrZJ8hA8E1eFg==",
      "dev": true,
      "requires": {
        "@types/http-errors": "*",
        "@types/mime": "*",
        "@types/node": "*"
      }
    },
    "@types/uuid": {
      "version": "9.0.5",
      "resolved": "https://registry.npmjs.org/@types/uuid/-/uuid-9.0.5.tgz",
      "integrity": "sha512-xfHdwa1FMJ082prjSJpoEI57GZITiQz10r3vEJCHa2khEFQjKy91aWKz6+zybzssCvXUwE1LQWgWVwZ4nYUvHQ==",
      "dev": true
    },
    "@types/vscode": {
      "version": "1.83.0",
      "resolved": "https://registry.npmjs.org/@types/vscode/-/vscode-1.83.0.tgz",
      "integrity": "sha512-3mUtHqLAVz9hegut9au4xehuBrzRE3UJiQMpoEHkNl6XHliihO7eATx2BMHs0odsmmrwjJrlixx/Pte6M3ygDQ==",
      "dev": true
    },
    "types-registry": {
      "version": "0.1.664",
      "resolved": "https://registry.npmjs.org/types-registry/-/types-registry-0.1.664.tgz",
      "integrity": "sha512-YyuB/AbLi20YDI3QPU7q/3jgYcbRtisOduYSSwn9N6/M1UFTs+2DpMM5pJzfFDYD7u16pBK9O4GxwDSIKC9/rQ=="
    },
    "undici-types": {
      "version": "5.25.3",
      "resolved": "https://registry.npmjs.org/undici-types/-/undici-types-5.25.3.tgz",
      "integrity": "sha512-Ga1jfYwRn7+cP9v8auvEXN1rX3sWqlayd4HP7OKk4mZWylEmu3KzXDUGrQUN6Ol7qo1gPvB2e5gX6udnyEPgdA==",
      "dev": true
    }
  }
}
